{
  "name": "coinsea-live",
  "version": "1.0.0",
  "lockfileVersion": 3,
  "requires": true,
  "packages": {
    "": {
      "name": "coinsea-live",
      "version": "1.0.0",
      "license": "ISC",
      "dependencies": {
        "axios": "^1.6.0"
      }
    },
    "node_modules/axios": {
      "version": "1.6.0",
      "resolved": "https://registry.npmjs.org/axios/-/axios-1.6.0.tgz",
      "integrity": "sha512-EgFZkb1SGSH8EJ3W6/43E02PdrZ+7X0DBOZUlO+JKzXDxgXEsRZCEIC6rGEBLrS5PtZCL5zCyfNLvw3wLqlmnw==",
      "dependencies": {
        "follow-redirects": "^1.15.0"
      }
    },
    "node_modules/follow-redirects": {
      "version": "1.15.3",
      "resolved": "https://registry.npmjs.org/follow-redirects/-/follow-redirects-1.15.3.tgz",
      "integrity": "sha512-T1oA1z6H+DRfu4+z9pxOqKCRG1XRUvXYXE+X7noyRJvlb47ZHTgTxKcY1grFhRr4yzpTCDEhWh/N1YgnP5Uafg=="
    }
  },
  "dependencies": {
    "axios": {
      "version": "1.6.0",
      "resolved": "https://registry.npmjs.org/axios/-/axios-1.6.0.tgz",
      "integrity": "sha512-EgFZkb1SGSH8EJ3W6/43E02PdrZ+7X0DBOZUlO+JKzXDxgXEsRZCEIC6rGEBLrS5PtZCL5zCyfNLvw3wLqlmnw==",
      "requires": {
        "follow-redirects": "^1.15.0"
      }
    },
    "follow-redirects": {
      "version": "1.15.3",
      "resolved": "https://registry.npmjs.org/follow-redirects/-/follow-redirects-1.15.3.tgz",
      "integrity": "sha512-T1oA1z6H+DRfu4+z9pxOqKCRG1XRUvXYXE+X7noyRJvlb47ZHTgTxKcY1grFhRr4yzpTCDEhWh/N1YgnP5Uafg=="
    }
  }
}