{
  "name": "coinsea-live",
  "version": "1.0.0",
  "lockfileVersion": 3,
  "requires": true,
  "packages": {
    "": {
      "name": "coinsea-live",
      "version": "1.0.0",
      "license": "ISC",
      "dependencies": {
        "axios": "^1.6.0",
        "node-fetch": "^2.6.11"
      }
    },
    "node_modules/axios": {
      "version": "1.6.0",
      "resolved": "https://registry.npmjs.org/axios/-/axios-1.6.0.tgz",
      "integrity": "sha512-EgFZkb1SGSH8EJ3W6/43E02PdrZ+7X0DBOZUlO+JKzXDxgXEsRZCEIC6rGEBLrS5PtZCL5zCyfNLvw3wLqlmnw==",
      "dependencies": {
        "follow-redirects": "^1.15.0"
      }
    },
    "node_modules/follow-redirects": {
      "version": "1.15.3",
      "resolved": "https://registry.npmjs.org/follow-redirects/-/follow-redirects-1.15.3.tgz",
      "integrity": "sha512-T1olA6iB+DRfu4+z9gx0qKfRCLkXRUVXxE7kYoRyUb174B7TGk7xEYc1grFhRz4ypTCDEhWh/NlYgnP5Uafg=="
    },
    "node_modules/node-fetch": {
      "version": "2.6.11",
      "resolved": "https://registry.npmjs.org/node-fetch/-/node-fetch-2.6.11.tgz",
      "integrity": "sha512-FbCxfUQld1JvxvDMkmbS5HF7cLoL6X0DXcik64qXjU/dUPe3Yu8+k+L6G7DgxR6MDgAlSClqQgiDAcoIvLbGXg=="
    }
  },
  "dependencies": {
    "axios": {
      "version": "1.6.0",
      "resolved": "https://registry.npmjs.org/axios/-/axios-1.6.0.tgz",
      "integrity": "sha512-EgFZkb1SGSH8EJ3W6/43E02PdrZ+7X0DBOZUlO+JKzXDxgXEsRZCEIC6rGEBLrS5PtZCL5zCyfNLvw3wLqlmnw==",
      "requires": {
        "follow-redirects": "^1.15.0"
      }
    },
    "follow-redirects": {
      "version": "1.15.3",
      "resolved": "https://registry.npmjs.org/follow-redirects/-/follow-redirects-1.15.3.tgz",
      "integrity": "sha512-T1olA6iB+DRfu4+z9gx0qKfRCLkXRUVXxE7kYoRyUb174B7TGk7xEYc1grFhRz4ypTCDEhWh/NlYgnP5Uafg=="
    },
    "node-fetch": {
      "version": "2.6.11",
      "resolved": "https://registry.npmjs.org/node-fetch/-/node-fetch-2.6.11.tgz",
      "integrity": "sha512-FbCxfUQld1JvxvDMkmbS5HF7cLoL6X0DXcik64qXjU/dUPe3Yu8+k+L6G7DgxR6MDgAlSClqQgiDAcoIvLbGXg=="
    }
  }
}
